
Microsoft Visual Studio Solution File, Format Version 12.00
# Visual Studio Version 16
VisualStudioVersion = 16.0.30523.141
MinimumVisualStudioVersion = 10.0.40219.1
Project("{9A19103F-16F7-4668-BE54-9A1E7A4F7556}") = "Site01", "Site01\Site01.csproj", "{4F3D2D88-7730-4285-BA96-312027E9441D}"
EndProject
Global
	GlobalSection(SolutionConfigurationPlatforms) = preSolution
		Debug|Any CPU = Debug|Any CPU
		Release|Any CPU = Release|Any CPU
	EndGlobalSection
	GlobalSection(ProjectConfigurationPlatforms) = postSolution
		{4F3D2D88-7730-4285-BA96-312027E9441D}.Debug|Any CPU.ActiveCfg = Debug|Any CPU
		{4F3D2D88-7730-4285-BA96-312027E9441D}.Debug|Any CPU.Build.0 = Debug|Any CPU
		{4F3D2D88-7730-4285-BA96-312027E9441D}.Release|Any CPU.ActiveCfg = Release|Any CPU
		{4F3D2D88-7730-4285-BA96-312027E9441D}.Release|Any CPU.Build.0 = Release|Any CPU
	EndGlobalSection
	GlobalSection(SolutionProperties) = preSolution
		HideSolutionNode = FALSE
	EndGlobalSection
	GlobalSection(ExtensibilityGlobals) = postSolution
		SolutionGuid = {F3FB9BD7-0333-421B-86D4-1F51F4A93E03}
	EndGlobalSection
EndGlobal
